// !$*UTF8*$!
{
	archiveVersion = 1;
	classes = {
	};
	objectVersion = 55;
	objects = {

/* Begin PBXBuildFile section */
		730F01A628DBF63B005E612D /* AppDelegate.swift in Sources */ = {isa = PBXBuildFile; fileRef = 730F01A528DBF63B005E612D /* AppDelegate.swift */; };
		730F01A828DBF63B005E612D /* SceneDelegate.swift in Sources */ = {isa = PBXBuildFile; fileRef = 730F01A728DBF63B005E612D /* SceneDelegate.swift */; };
		730F01AA28DBF63B005E612D /* ViewController.swift in Sources */ = {isa = PBXBuildFile; fileRef = 730F01A928DBF63B005E612D /* ViewController.swift */; };
		730F01AD28DBF63B005E612D /* Main.storyboard in Resources */ = {isa = PBXBuildFile; fileRef = 730F01AB28DBF63B005E612D /* Main.storyboard */; };
		730F01AF28DBF63D005E612D /* Assets.xcassets in Resources */ = {isa = PBXBuildFile; fileRef = 730F01AE28DBF63D005E612D /* Assets.xcassets */; };
		730F01B228DBF63D005E612D /* LaunchScreen.storyboard in Resources */ = {isa = PBXBuildFile; fileRef = 730F01B028DBF63D005E612D /* LaunchScreen.storyboard */; };
		730F01BD28DBF63D005E612D /* GumbhirSamikshaHW4Tests.swift in Sources */ = {isa = PBXBuildFile; fileRef = 730F01BC28DBF63D005E612D /* GumbhirSamikshaHW4Tests.swift */; };
		730F01C728DBF63D005E612D /* GumbhirSamikshaHW4UITests.swift in Sources */ = {isa = PBXBuildFile; fileRef = 730F01C628DBF63D005E612D /* GumbhirSamikshaHW4UITests.swift */; };
		730F01C928DBF63D005E612D /* GumbhirSamikshaHW4UITestsLaunchTests.swift in Sources */ = {isa = PBXBuildFile; fileRef = 730F01C828DBF63D005E612D /* GumbhirSamikshaHW4UITestsLaunchTests.swift */; };
		7359104228DE5E82009A5CE5 /* HW4AccessibilityIdentifiers.swift in Sources */ = {isa = PBXBuildFile; fileRef = 7359104128DE5E82009A5CE5 /* HW4AccessibilityIdentifiers.swift */; };
		7359104328DE5E82009A5CE5 /* HW4AccessibilityIdentifiers.swift in Sources */ = {isa = PBXBuildFile; fileRef = 7359104128DE5E82009A5CE5 /* HW4AccessibilityIdentifiers.swift */; };
		7359104528DE5E91009A5CE5 /* HW4SanityTest.swift in Sources */ = {isa = PBXBuildFile; fileRef = 7359104428DE5E91009A5CE5 /* HW4SanityTest.swift */; };
/* End PBXBuildFile section */

/* Begin PBXContainerItemProxy section */
		730F01B928DBF63D005E612D /* PBXContainerItemProxy */ = {
			isa = PBXContainerItemProxy;
			containerPortal = 730F019A28DBF63B005E612D /* Project object */;
			proxyType = 1;
			remoteGlobalIDString = 730F01A128DBF63B005E612D;
			remoteInfo = GumbhirSamikshaHW4;
		};
		730F01C328DBF63D005E612D /* PBXContainerItemProxy */ = {
			isa = PBXContainerItemProxy;
			containerPortal = 730F019A28DBF63B005E612D /* Project object */;
			proxyType = 1;
			remoteGlobalIDString = 730F01A128DBF63B005E612D;
			remoteInfo = GumbhirSamikshaHW4;
		};
/* End PBXContainerItemProxy section */

/* Begin PBXFileReference section */
		730F01A228DBF63B005E612D /* GumbhirSamikshaHW4.app */ = {isa = PBXFileReference; explicitFileType = wrapper.application; includeInIndex = 0; path = GumbhirSamikshaHW4.app; sourceTree = BUILT_PRODUCTS_DIR; };
		730F01A528DBF63B005E612D /* AppDelegate.swift */ = {isa = PBXFileReference; lastKnownFileType = sourcecode.swift; path = AppDelegate.swift; sourceTree = "<group>"; };
		730F01A728DBF63B005E612D /* SceneDelegate.swift */ = {isa = PBXFileReference; lastKnownFileType = sourcecode.swift; path = SceneDelegate.swift; sourceTree = "<group>"; };
		730F01A928DBF63B005E612D /* ViewController.swift */ = {isa = PBXFileReference; lastKnownFileType = sourcecode.swift; path = ViewController.swift; sourceTree = "<group>"; };
		730F01AC28DBF63B005E612D /* Base */ = {isa = PBXFileReference; lastKnownFileType = file.storyboard; name = Base; path = Base.lproj/Main.storyboard; sourceTree = "<group>"; };
		730F01AE28DBF63D005E612D /* Assets.xcassets */ = {isa = PBXFileReference; lastKnownFileType = folder.assetcatalog; path = Assets.xcassets; sourceTree = "<group>"; };
		730F01B128DBF63D005E612D /* Base */ = {isa = PBXFileReference; lastKnownFileType = file.storyboard; name = Base; path = Base.lproj/LaunchScreen.storyboard; sourceTree = "<group>"; };
		730F01B328DBF63D005E612D /* Info.plist */ = {isa = PBXFileReference; lastKnownFileType = text.plist.xml; path = Info.plist; sourceTree = "<group>"; };
		730F01B828DBF63D005E612D /* GumbhirSamikshaHW4Tests.xctest */ = {isa = PBXFileReference; explicitFileType = wrapper.cfbundle; includeInIndex = 0; path = GumbhirSamikshaHW4Tests.xctest; sourceTree = BUILT_PRODUCTS_DIR; };
		730F01BC28DBF63D005E612D /* GumbhirSamikshaHW4Tests.swift */ = {isa = PBXFileReference; lastKnownFileType = sourcecode.swift; path = GumbhirSamikshaHW4Tests.swift; sourceTree = "<group>"; };
		730F01C228DBF63D005E612D /* GumbhirSamikshaHW4UITests.xctest */ = {isa = PBXFileReference; explicitFileType = wrapper.cfbundle; includeInIndex = 0; path = GumbhirSamikshaHW4UITests.xctest; sourceTree = BUILT_PRODUCTS_DIR; };
		730F01C628DBF63D005E612D /* GumbhirSamikshaHW4UITests.swift */ = {isa = PBXFileReference; lastKnownFileType = sourcecode.swift; path = GumbhirSamikshaHW4UITests.swift; sourceTree = "<group>"; };
		730F01C828DBF63D005E612D /* GumbhirSamikshaHW4UITestsLaunchTests.swift */ = {isa = PBXFileReference; lastKnownFileType = sourcecode.swift; path = GumbhirSamikshaHW4UITestsLaunchTests.swift; sourceTree = "<group>"; };
		7359104128DE5E82009A5CE5 /* HW4AccessibilityIdentifiers.swift */ = {isa = PBXFileReference; fileEncoding = 4; lastKnownFileType = sourcecode.swift; path = HW4AccessibilityIdentifiers.swift; sourceTree = "<group>"; };
		7359104428DE5E91009A5CE5 /* HW4SanityTest.swift */ = {isa = PBXFileReference; fileEncoding = 4; lastKnownFileType = sourcecode.swift; path = HW4SanityTest.swift; sourceTree = "<group>"; };
/* End PBXFileReference section */

/* Begin PBXFrameworksBuildPhase section */
		730F019F28DBF63B005E612D /* Frameworks */ = {
			isa = PBXFrameworksBuildPhase;
			buildActionMask = 2147483647;
			files = (
			);
			runOnlyForDeploymentPostprocessing = 0;
		};
		730F01B528DBF63D005E612D /* Frameworks */ = {
			isa = PBXFrameworksBuildPhase;
			buildActionMask = 2147483647;
			files = (
			);
			runOnlyForDeploymentPostprocessing = 0;
		};
		730F01BF28DBF63D005E612D /* Frameworks */ = {
			isa = PBXFrameworksBuildPhase;
			buildActionMask = 2147483647;
			files = (
			);
			runOnlyForDeploymentPostprocessing = 0;
		};
/* End PBXFrameworksBuildPhase section */

/* Begin PBXGroup section */
		730F019928DBF63B005E612D = {
			isa = PBXGroup;
			children = (
				730F01A428DBF63B005E612D /* GumbhirSamikshaHW4 */,
				730F01BB28DBF63D005E612D /* GumbhirSamikshaHW4Tests */,
				730F01C528DBF63D005E612D /* GumbhirSamikshaHW4UITests */,
				730F01A328DBF63B005E612D /* Products */,
			);
			sourceTree = "<group>";
		};
		730F01A328DBF63B005E612D /* Products */ = {
			isa = PBXGroup;
			children = (
				730F01A228DBF63B005E612D /* GumbhirSamikshaHW4.app */,
				730F01B828DBF63D005E612D /* GumbhirSamikshaHW4Tests.xctest */,
				730F01C228DBF63D005E612D /* GumbhirSamikshaHW4UITests.xctest */,
			);
			name = Products;
			sourceTree = "<group>";
		};
		730F01A428DBF63B005E612D /* GumbhirSamikshaHW4 */ = {
			isa = PBXGroup;
			children = (
				730F01A528DBF63B005E612D /* AppDelegate.swift */,
				730F01A728DBF63B005E612D /* SceneDelegate.swift */,
				730F01A928DBF63B005E612D /* ViewController.swift */,
				730F01AB28DBF63B005E612D /* Main.storyboard */,
				730F01AE28DBF63D005E612D /* Assets.xcassets */,
				730F01B028DBF63D005E612D /* LaunchScreen.storyboard */,
				730F01B328DBF63D005E612D /* Info.plist */,
			);
			path = GumbhirSamikshaHW4;
			sourceTree = "<group>";
		};
		730F01BB28DBF63D005E612D /* GumbhirSamikshaHW4Tests */ = {
			isa = PBXGroup;
			children = (
				7359104128DE5E82009A5CE5 /* HW4AccessibilityIdentifiers.swift */,
				730F01BC28DBF63D005E612D /* GumbhirSamikshaHW4Tests.swift */,
			);
			path = GumbhirSamikshaHW4Tests;
			sourceTree = "<group>";
		};
		730F01C528DBF63D005E612D /* GumbhirSamikshaHW4UITests */ = {
			isa = PBXGroup;
			children = (
				730F01C628DBF63D005E612D /* GumbhirSamikshaHW4UITests.swift */,
				730F01C828DBF63D005E612D /* GumbhirSamikshaHW4UITestsLaunchTests.swift */,
				7359104428DE5E91009A5CE5 /* HW4SanityTest.swift */,
			);
			path = GumbhirSamikshaHW4UITests;
			sourceTree = "<group>";
		};
/* End PBXGroup section */

/* Begin PBXNativeTarget section */
		730F01A128DBF63B005E612D /* GumbhirSamikshaHW4 */ = {
			isa = PBXNativeTarget;
			buildConfigurationList = 730F01CC28DBF63D005E612D /* Build configuration list for PBXNativeTarget "GumbhirSamikshaHW4" */;
			buildPhases = (
				730F019E28DBF63B005E612D /* Sources */,
				730F019F28DBF63B005E612D /* Frameworks */,
				730F01A028DBF63B005E612D /* Resources */,
			);
			buildRules = (
			);
			dependencies = (
			);
			name = GumbhirSamikshaHW4;
			productName = GumbhirSamikshaHW4;
			productReference = 730F01A228DBF63B005E612D /* GumbhirSamikshaHW4.app */;
			productType = "com.apple.product-type.application";
		};
		730F01B728DBF63D005E612D /* GumbhirSamikshaHW4Tests */ = {
			isa = PBXNativeTarget;
			buildConfigurationList = 730F01CF28DBF63D005E612D /* Build configuration list for PBXNativeTarget "GumbhirSamikshaHW4Tests" */;
			buildPhases = (
				730F01B428DBF63D005E612D /* Sources */,
				730F01B528DBF63D005E612D /* Frameworks */,
				730F01B628DBF63D005E612D /* Resources */,
			);
			buildRules = (
			);
			dependencies = (
				730F01BA28DBF63D005E612D /* PBXTargetDependency */,
			);
			name = GumbhirSamikshaHW4Tests;
			productName = GumbhirSamikshaHW4Tests;
			productReference = 730F01B828DBF63D005E612D /* GumbhirSamikshaHW4Tests.xctest */;
			productType = "com.apple.product-type.bundle.unit-test";
		};
		730F01C128DBF63D005E612D /* GumbhirSamikshaHW4UITests */ = {
			isa = PBXNativeTarget;
			buildConfigurationList = 730F01D228DBF63D005E612D /* Build configuration list for PBXNativeTarget "GumbhirSamikshaHW4UITests" */;
			buildPhases = (
				730F01BE28DBF63D005E612D /* Sources */,
				730F01BF28DBF63D005E612D /* Frameworks */,
				730F01C028DBF63D005E612D /* Resources */,
			);
			buildRules = (
			);
			dependencies = (
				730F01C428DBF63D005E612D /* PBXTargetDependency */,
			);
			name = GumbhirSamikshaHW4UITests;
			productName = GumbhirSamikshaHW4UITests;
			productReference = 730F01C228DBF63D005E612D /* GumbhirSamikshaHW4UITests.xctest */;
			productType = "com.apple.product-type.bundle.ui-testing";
		};
/* End PBXNativeTarget section */

/* Begin PBXProject section */
		730F019A28DBF63B005E612D /* Project object */ = {
			isa = PBXProject;
			attributes = {
				BuildIndependentTargetsInParallel = 1;
				LastSwiftUpdateCheck = 1330;
				LastUpgradeCheck = 1330;
				TargetAttributes = {
					730F01A128DBF63B005E612D = {
						CreatedOnToolsVersion = 13.3;
					};
					730F01B728DBF63D005E612D = {
						CreatedOnToolsVersion = 13.3;
						TestTargetID = 730F01A128DBF63B005E612D;
					};
					730F01C128DBF63D005E612D = {
						CreatedOnToolsVersion = 13.3;
						TestTargetID = 730F01A128DBF63B005E612D;
					};
				};
			};
			buildConfigurationList = 730F019D28DBF63B005E612D /* Build configuration list for PBXProject "GumbhirSamikshaHW4" */;
			compatibilityVersion = "Xcode 13.0";
			developmentRegion = en;
			hasScannedForEncodings = 0;
			knownRegions = (
				en,
				Base,
			);
			mainGroup = 730F019928DBF63B005E612D;
			productRefGroup = 730F01A328DBF63B005E612D /* Products */;
			projectDirPath = "";
			projectRoot = "";
			targets = (
				730F01A128DBF63B005E612D /* GumbhirSamikshaHW4 */,
				730F01B728DBF63D005E612D /* GumbhirSamikshaHW4Tests */,
				730F01C128DBF63D005E612D /* GumbhirSamikshaHW4UITests */,
			);
		};
/* End PBXProject section */

/* Begin PBXResourcesBuildPhase section */
		730F01A028DBF63B005E612D /* Resources */ = {
			isa = PBXResourcesBuildPhase;
			buildActionMask = 2147483647;
			files = (
				730F01B228DBF63D005E612D /* LaunchScreen.storyboard in Resources */,
				730F01AF28DBF63D005E612D /* Assets.xcassets in Resources */,
				730F01AD28DBF63B005E612D /* Main.storyboard in Resources */,
			);
			runOnlyForDeploymentPostprocessing = 0;
		};
		730F01B628DBF63D005E612D /* Resources */ = {
			isa = PBXResourcesBuildPhase;
			buildActionMask = 2147483647;
			files = (
			);
			runOnlyForDeploymentPostprocessing = 0;
		};
		730F01C028DBF63D005E612D /* Resources */ = {
			isa = PBXResourcesBuildPhase;
			buildActionMask = 2147483647;
			files = (
			);
			runOnlyForDeploymentPostprocessing = 0;
		};
/* End PBXResourcesBuildPhase section */

/* Begin PBXSourcesBuildPhase section */
		730F019E28DBF63B005E612D /* Sources */ = {
			isa = PBXSourcesBuildPhase;
			buildActionMask = 2147483647;
			files = (
				730F01AA28DBF63B005E612D /* ViewController.swift in Sources */,
				730F01A628DBF63B005E612D /* AppDelegate.swift in Sources */,
				730F01A828DBF63B005E612D /* SceneDelegate.swift in Sources */,
				7359104228DE5E82009A5CE5 /* HW4AccessibilityIdentifiers.swift in Sources */,
			);
			runOnlyForDeploymentPostprocessing = 0;
		};
		730F01B428DBF63D005E612D /* Sources */ = {
			isa = PBXSourcesBuildPhase;
			buildActionMask = 2147483647;
			files = (
				730F01BD28DBF63D005E612D /* GumbhirSamikshaHW4Tests.swift in Sources */,
			);
			runOnlyForDeploymentPostprocessing = 0;
		};
		730F01BE28DBF63D005E612D /* Sources */ = {
			isa = PBXSourcesBuildPhase;
			buildActionMask = 2147483647;
			files = (
				730F01C928DBF63D005E612D /* GumbhirSamikshaHW4UITestsLaunchTests.swift in Sources */,
				7359104528DE5E91009A5CE5 /* HW4SanityTest.swift in Sources */,
				7359104328DE5E82009A5CE5 /* HW4AccessibilityIdentifiers.swift in Sources */,
				730F01C728DBF63D005E612D /* GumbhirSamikshaHW4UITests.swift in Sources */,
			);
			runOnlyForDeploymentPostprocessing = 0;
		};
/* End PBXSourcesBuildPhase section */

/* Begin PBXTargetDependency section */
		730F01BA28DBF63D005E612D /* PBXTargetDependency */ = {
			isa = PBXTargetDependency;
			target = 730F01A128DBF63B005E612D /* GumbhirSamikshaHW4 */;
			targetProxy = 730F01B928DBF63D005E612D /* PBXContainerItemProxy */;
		};
		730F01C428DBF63D005E612D /* PBXTargetDependency */ = {
			isa = PBXTargetDependency;
			target = 730F01A128DBF63B005E612D /* GumbhirSamikshaHW4 */;
			targetProxy = 730F01C328DBF63D005E612D /* PBXContainerItemProxy */;
		};
/* End PBXTargetDependency section */

/* Begin PBXVariantGroup section */
		730F01AB28DBF63B005E612D /* Main.storyboard */ = {
			isa = PBXVariantGroup;
			children = (
				730F01AC28DBF63B005E612D /* Base */,
			);
			name = Main.storyboard;
			sourceTree = "<group>";
		};
		730F01B028DBF63D005E612D /* LaunchScreen.storyboard */ = {
			isa = PBXVariantGroup;
			children = (
				730F01B128DBF63D005E612D /* Base */,
			);
			name = LaunchScreen.storyboard;
			sourceTree = "<group>";
		};
/* End PBXVariantGroup section */

/* Begin XCBuildConfiguration section */
		730F01CA28DBF63D005E612D /* Debug */ = {
			isa = XCBuildConfiguration;
			buildSettings = {
				ALWAYS_SEARCH_USER_PATHS = NO;
				CLANG_ANALYZER_NONNULL = YES;
				CLANG_ANALYZER_NUMBER_OBJECT_CONVERSION = YES_AGGRESSIVE;
				CLANG_CXX_LANGUAGE_STANDARD = "gnu++17";
				CLANG_ENABLE_MODULES = YES;
				CLANG_ENABLE_OBJC_ARC = YES;
				CLANG_ENABLE_OBJC_WEAK = YES;
				CLANG_WARN_BLOCK_CAPTURE_AUTORELEASING = YES;
				CLANG_WARN_BOOL_CONVERSION = YES;
				CLANG_WARN_COMMA = YES;
				CLANG_WARN_CONSTANT_CONVERSION = YES;
				CLANG_WARN_DEPRECATED_OBJC_IMPLEMENTATIONS = YES;
				CLANG_WARN_DIRECT_OBJC_ISA_USAGE = YES_ERROR;
				CLANG_WARN_DOCUMENTATION_COMMENTS = YES;
				CLANG_WARN_EMPTY_BODY = YES;
				CLANG_WARN_ENUM_CONVERSION = YES;
				CLANG_WARN_INFINITE_RECURSION = YES;
				CLANG_WARN_INT_CONVERSION = YES;
				CLANG_WARN_NON_LITERAL_NULL_CONVERSION = YES;
				CLANG_WARN_OBJC_IMPLICIT_RETAIN_SELF = YES;
				CLANG_WARN_OBJC_LITERAL_CONVERSION = YES;
				CLANG_WARN_OBJC_ROOT_CLASS = YES_ERROR;
				CLANG_WARN_QUOTED_INCLUDE_IN_FRAMEWORK_HEADER = YES;
				CLANG_WARN_RANGE_LOOP_ANALYSIS = YES;
				CLANG_WARN_STRICT_PROTOTYPES = YES;
				CLANG_WARN_SUSPICIOUS_MOVE = YES;
				CLANG_WARN_UNGUARDED_AVAILABILITY = YES_AGGRESSIVE;
				CLANG_WARN_UNREACHABLE_CODE = YES;
				CLANG_WARN__DUPLICATE_METHOD_MATCH = YES;
				COPY_PHASE_STRIP = NO;
				DEBUG_INFORMATION_FORMAT = dwarf;
				ENABLE_STRICT_OBJC_MSGSEND = YES;
				ENABLE_TESTABILITY = YES;
				GCC_C_LANGUAGE_STANDARD = gnu11;
				GCC_DYNAMIC_NO_PIC = NO;
				GCC_NO_COMMON_BLOCKS = YES;
				GCC_OPTIMIZATION_LEVEL = 0;
				GCC_PREPROCESSOR_DEFINITIONS = (
					"DEBUG=1",
					"$(inherited)",
				);
				GCC_WARN_64_TO_32_BIT_CONVERSION = YES;
				GCC_WARN_ABOUT_RETURN_TYPE = YES_ERROR;
				GCC_WARN_UNDECLARED_SELECTOR = YES;
				GCC_WARN_UNINITIALIZED_AUTOS = YES_AGGRESSIVE;
				GCC_WARN_UNUSED_FUNCTION = YES;
				GCC_WARN_UNUSED_VARIABLE = YES;
				IPHONEOS_DEPLOYMENT_TARGET = 15.4;
				MTL_ENABLE_DEBUG_INFO = INCLUDE_SOURCE;
				MTL_FAST_MATH = YES;
				ONLY_ACTIVE_ARCH = YES;
				SDKROOT = iphoneos;
				SWIFT_ACTIVE_COMPILATION_CONDITIONS = DEBUG;
				SWIFT_OPTIMIZATION_LEVEL = "-Onone";
			};
			name = Debug;
		};
		730F01CB28DBF63D005E612D /* Release */ = {
			isa = XCBuildConfiguration;
			buildSettings = {
				ALWAYS_SEARCH_USER_PATHS = NO;
				CLANG_ANALYZER_NONNULL = YES;
				CLANG_ANALYZER_NUMBER_OBJECT_CONVERSION = YES_AGGRESSIVE;
				CLANG_CXX_LANGUAGE_STANDARD = "gnu++17";
				CLANG_ENABLE_MODULES = YES;
				CLANG_ENABLE_OBJC_ARC = YES;
				CLANG_ENABLE_OBJC_WEAK = YES;
				CLANG_WARN_BLOCK_CAPTURE_AUTORELEASING = YES;
				CLANG_WARN_BOOL_CONVERSION = YES;
				CLANG_WARN_COMMA = YES;
				CLANG_WARN_CONSTANT_CONVERSION = YES;
				CLANG_WARN_DEPRECATED_OBJC_IMPLEMENTATIONS = YES;
				CLANG_WARN_DIRECT_OBJC_ISA_USAGE = YES_ERROR;
				CLANG_WARN_DOCUMENTATION_COMMENTS = YES;
				CLANG_WARN_EMPTY_BODY = YES;
				CLANG_WARN_ENUM_CONVERSION = YES;
				CLANG_WARN_INFINITE_RECURSION = YES;
				CLANG_WARN_INT_CONVERSION = YES;
				CLANG_WARN_NON_LITERAL_NULL_CONVERSION = YES;
				CLANG_WARN_OBJC_IMPLICIT_RETAIN_SELF = YES;
				CLANG_WARN_OBJC_LITERAL_CONVERSION = YES;
				CLANG_WARN_OBJC_ROOT_CLASS = YES_ERROR;
				CLANG_WARN_QUOTED_INCLUDE_IN_FRAMEWORK_HEADER = YES;
				CLANG_WARN_RANGE_LOOP_ANALYSIS = YES;
				CLANG_WARN_STRICT_PROTOTYPES = YES;
				CLANG_WARN_SUSPICIOUS_MOVE = YES;
				CLANG_WARN_UNGUARDED_AVAILABILITY = YES_AGGRESSIVE;
				CLANG_WARN_UNREACHABLE_CODE = YES;
				CLANG_WARN__DUPLICATE_METHOD_MATCH = YES;
				COPY_PHASE_STRIP = NO;
				DEBUG_INFORMATION_FORMAT = "dwarf-with-dsym";
				ENABLE_NS_ASSERTIONS = NO;
				ENABLE_STRICT_OBJC_MSGSEND = YES;
				GCC_C_LANGUAGE_STANDARD = gnu11;
				GCC_NO_COMMON_BLOCKS = YES;
				GCC_WARN_64_TO_32_BIT_CONVERSION = YES;
				GCC_WARN_ABOUT_RETURN_TYPE = YES_ERROR;
				GCC_WARN_UNDECLARED_SELECTOR = YES;
				GCC_WARN_UNINITIALIZED_AUTOS = YES_AGGRESSIVE;
				GCC_WARN_UNUSED_FUNCTION = YES;
				GCC_WARN_UNUSED_VARIABLE = YES;
				IPHONEOS_DEPLOYMENT_TARGET = 15.4;
				MTL_ENABLE_DEBUG_INFO = NO;
				MTL_FAST_MATH = YES;
				SDKROOT = iphoneos;
				SWIFT_COMPILATION_MODE = wholemodule;
				SWIFT_OPTIMIZATION_LEVEL = "-O";
				VALIDATE_PRODUCT = YES;
			};
			name = Release;
		};
		730F01CD28DBF63D005E612D /* Debug */ = {
			isa = XCBuildConfiguration;
			buildSettings = {
				ASSETCATALOG_COMPILER_APPICON_NAME = AppIcon;
				ASSETCATALOG_COMPILER_GLOBAL_ACCENT_COLOR_NAME = AccentColor;
				CODE_SIGN_STYLE = Automatic;
				CURRENT_PROJECT_VERSION = 1;
				DEVELOPMENT_TEAM = 3MJC8TM5JL;
				GENERATE_INFOPLIST_FILE = YES;
				INFOPLIST_FILE = GumbhirSamikshaHW4/Info.plist;
				INFOPLIST_KEY_CFBundleDisplayName = "Tip Split";
				INFOPLIST_KEY_UIApplicationSupportsIndirectInputEvents = YES;
				INFOPLIST_KEY_UILaunchStoryboardName = LaunchScreen;
				INFOPLIST_KEY_UIMainStoryboardFile = Main;
				INFOPLIST_KEY_UISupportedInterfaceOrientations = UIInterfaceOrientationPortrait;
				INFOPLIST_KEY_UISupportedInterfaceOrientations_iPad = "UIInterfaceOrientationPortrait UIInterfaceOrientationPortraitUpsideDown UIInterfaceOrientationLandscapeLeft UIInterfaceOrientationLandscapeRight";
				INFOPLIST_KEY_UISupportedInterfaceOrientations_iPhone = UIInterfaceOrientationPortrait;
				IPHONEOS_DEPLOYMENT_TARGET = 15.4;
				LD_RUNPATH_SEARCH_PATHS = (
					"$(inherited)",
					"@executable_path/Frameworks",
				);
				MARKETING_VERSION = 1.0;
				PRODUCT_BUNDLE_IDENTIFIER = sgumbhir.GumbhirSamikshaHW4;
				PRODUCT_NAME = "$(TARGET_NAME)";
				SWIFT_EMIT_LOC_STRINGS = YES;
				SWIFT_VERSION = 5.0;
				TARGETED_DEVICE_FAMILY = "1,2";
			};
			name = Debug;
		};
		730F01CE28DBF63D005E612D /* Release */ = {
			isa = XCBuildConfiguration;
			buildSettings = {
				ASSETCATALOG_COMPILER_APPICON_NAME = AppIcon;
				ASSETCATALOG_COMPILER_GLOBAL_ACCENT_COLOR_NAME = AccentColor;
				CODE_SIGN_STYLE = Automatic;
				CURRENT_PROJECT_VERSION = 1;
				DEVELOPMENT_TEAM = 3MJC8TM5JL;
				GENERATE_INFOPLIST_FILE = YES;
				INFOPLIST_FILE = GumbhirSamikshaHW4/Info.plist;
				INFOPLIST_KEY_CFBundleDisplayName = "Tip Split";
				INFOPLIST_KEY_UIApplicationSupportsIndirectInputEvents = YES;
				INFOPLIST_KEY_UILaunchStoryboardName = LaunchScreen;
				INFOPLIST_KEY_UIMainStoryboardFile = Main;
				INFOPLIST_KEY_UISupportedInterfaceOrientations = UIInterfaceOrientationPortrait;
				INFOPLIST_KEY_UISupportedInterfaceOrientations_iPad = "UIInterfaceOrientationPortrait UIInterfaceOrientationPortraitUpsideDown UIInterfaceOrientationLandscapeLeft UIInterfaceOrientationLandscapeRight";
				INFOPLIST_KEY_UISupportedInterfaceOrientations_iPhone = UIInterfaceOrientationPortrait;
				IPHONEOS_DEPLOYMENT_TARGET = 15.4;
				LD_RUNPATH_SEARCH_PATHS = (
					"$(inherited)",
					"@executable_path/Frameworks",
				);
				MARKETING_VERSION = 1.0;
				PRODUCT_BUNDLE_IDENTIFIER = sgumbhir.GumbhirSamikshaHW4;
				PRODUCT_NAME = "$(TARGET_NAME)";
				SWIFT_EMIT_LOC_STRINGS = YES;
				SWIFT_VERSION = 5.0;
				TARGETED_DEVICE_FAMILY = "1,2";
			};
			name = Release;
		};
		730F01D028DBF63D005E612D /* Debug */ = {
			isa = XCBuildConfiguration;
			buildSettings = {
				ALWAYS_EMBED_SWIFT_STANDARD_LIBRARIES = YES;
				BUNDLE_LOADER = "$(TEST_HOST)";
				CODE_SIGN_STYLE = Automatic;
				CURRENT_PROJECT_VERSION = 1;
				GENERATE_INFOPLIST_FILE = YES;
				IPHONEOS_DEPLOYMENT_TARGET = 15.4;
				MARKETING_VERSION = 1.0;
				PRODUCT_BUNDLE_IDENTIFIER = sgumbhir.GumbhirSamikshaHW4Tests;
				PRODUCT_NAME = "$(TARGET_NAME)";
				SWIFT_EMIT_LOC_STRINGS = NO;
				SWIFT_VERSION = 5.0;
				TARGETED_DEVICE_FAMILY = "1,2";
				TEST_HOST = "$(BUILT_PRODUCTS_DIR)/GumbhirSamikshaHW4.app/GumbhirSamikshaHW4";
			};
			name = Debug;
		};
		730F01D128DBF63D005E612D /* Release */ = {
			isa = XCBuildConfiguration;
			buildSettings = {
				ALWAYS_EMBED_SWIFT_STANDARD_LIBRARIES = YES;
				BUNDLE_LOADER = "$(TEST_HOST)";
				CODE_SIGN_STYLE = Automatic;
				CURRENT_PROJECT_VERSION = 1;
				GENERATE_INFOPLIST_FILE = YES;
				IPHONEOS_DEPLOYMENT_TARGET = 15.4;
				MARKETING_VERSION = 1.0;
				PRODUCT_BUNDLE_IDENTIFIER = sgumbhir.GumbhirSamikshaHW4Tests;
				PRODUCT_NAME = "$(TARGET_NAME)";
				SWIFT_EMIT_LOC_STRINGS = NO;
				SWIFT_VERSION = 5.0;
				TARGETED_DEVICE_FAMILY = "1,2";
				TEST_HOST = "$(BUILT_PRODUCTS_DIR)/GumbhirSamikshaHW4.app/GumbhirSamikshaHW4";
			};
			name = Release;
		};
		730F01D328DBF63D005E612D /* Debug */ = {
			isa = XCBuildConfiguration;
			buildSettings = {
				ALWAYS_EMBED_SWIFT_STANDARD_LIBRARIES = YES;
				CODE_SIGN_STYLE = Automatic;
				CURRENT_PROJECT_VERSION = 1;
				GENERATE_INFOPLIST_FILE = YES;
				MARKETING_VERSION = 1.0;
				PRODUCT_BUNDLE_IDENTIFIER = sgumbhir.GumbhirSamikshaHW4UITests;
				PRODUCT_NAME = "$(TARGET_NAME)";
				SWIFT_EMIT_LOC_STRINGS = NO;
				SWIFT_VERSION = 5.0;
				TARGETED_DEVICE_FAMILY = "1,2";
				TEST_TARGET_NAME = GumbhirSamikshaHW4;
			};
			name = Debug;
		};
		730F01D428DBF63D005E612D /* Release */ = {
			isa = XCBuildConfiguration;
			buildSettings = {
				ALWAYS_EMBED_SWIFT_STANDARD_LIBRARIES = YES;
				CODE_SIGN_STYLE = Automatic;
				CURRENT_PROJECT_VERSION = 1;
				GENERATE_INFOPLIST_FILE = YES;
				MARKETING_VERSION = 1.0;
				PRODUCT_BUNDLE_IDENTIFIER = sgumbhir.GumbhirSamikshaHW4UITests;
				PRODUCT_NAME = "$(TARGET_NAME)";
				SWIFT_EMIT_LOC_STRINGS = NO;
				SWIFT_VERSION = 5.0;
				TARGETED_DEVICE_FAMILY = "1,2";
				TEST_TARGET_NAME = GumbhirSamikshaHW4;
			};
			name = Release;
		};
/* End XCBuildConfiguration section */

/* Begin XCConfigurationList section */
		730F019D28DBF63B005E612D /* Build configuration list for PBXProject "GumbhirSamikshaHW4" */ = {
			isa = XCConfigurationList;
			buildConfigurations = (
				730F01CA28DBF63D005E612D /* Debug */,
				730F01CB28DBF63D005E612D /* Release */,
			);
			defaultConfigurationIsVisible = 0;
			defaultConfigurationName = Release;
		};
		730F01CC28DBF63D005E612D /* Build configuration list for PBXNativeTarget "GumbhirSamikshaHW4" */ = {
			isa = XCConfigurationList;
			buildConfigurations = (
				730F01CD28DBF63D005E612D /* Debug */,
				730F01CE28DBF63D005E612D /* Release */,
			);
			defaultConfigurationIsVisible = 0;
			defaultConfigurationName = Release;
		};
		730F01CF28DBF63D005E612D /* Build configuration list for PBXNativeTarget "GumbhirSamikshaHW4Tests" */ = {
			isa = XCConfigurationList;
			buildConfigurations = (
				730F01D028DBF63D005E612D /* Debug */,
				730F01D128DBF63D005E612D /* Release */,
			);
			defaultConfigurationIsVisible = 0;
			defaultConfigurationName = Release;
		};
		730F01D228DBF63D005E612D /* Build configuration list for PBXNativeTarget "GumbhirSamikshaHW4UITests" */ = {
			isa = XCConfigurationList;
			buildConfigurations = (
				730F01D328DBF63D005E612D /* Debug */,
				730F01D428DBF63D005E612D /* Release */,
			);
			defaultConfigurationIsVisible = 0;
			defaultConfigurationName = Release;
		};
/* End XCConfigurationList section */
	};
	rootObject = 730F019A28DBF63B005E612D /* Project object */;
}
